// !$*UTF8*$!
{
	archiveVersion = 1;
	classes = {
	};
	objectVersion = 48;
	objects = {

/* Begin PBXBuildFile section */
		D613F8C41F95DE0A00049EAF /* AppDelegate.swift in Sources */ = {isa = PBXBuildFile; fileRef = D613F8C31F95DE0A00049EAF /* AppDelegate.swift */; };
		D613F8C61F95DE0A00049EAF /* ViewController.swift in Sources */ = {isa = PBXBuildFile; fileRef = D613F8C51F95DE0A00049EAF /* ViewController.swift */; };
		D613F8C91F95DE0A00049EAF /* Main.storyboard in Resources */ = {isa = PBXBuildFile; fileRef = D613F8C71F95DE0A00049EAF /* Main.storyboard */; };
		D613F8CB1F95DE0A00049EAF /* Assets.xcassets in Resources */ = {isa = PBXBuildFile; fileRef = D613F8CA1F95DE0A00049EAF /* Assets.xcassets */; };
		D613F8CE1F95DE0A00049EAF /* LaunchScreen.storyboard in Resources */ = {isa = PBXBuildFile; fileRef = D613F8CC1F95DE0A00049EAF /* LaunchScreen.storyboard */; };
		D613F8D91F95DE0A00049EAF /* TableWisataTests.swift in Sources */ = {isa = PBXBuildFile; fileRef = D613F8D81F95DE0A00049EAF /* TableWisataTests.swift */; };
		D613F8E41F95DE0A00049EAF /* TableWisataUITests.swift in Sources */ = {isa = PBXBuildFile; fileRef = D613F8E31F95DE0A00049EAF /* TableWisataUITests.swift */; };
		D650E7B81F95DF4700808D67 /* TableViewController.swift in Sources */ = {isa = PBXBuildFile; fileRef = D650E7B71F95DF4700808D67 /* TableViewController.swift */; };
		D650E7BA1F95EEC300808D67 /* MapKitViewController.swift in Sources */ = {isa = PBXBuildFile; fileRef = D650E7B91F95EEC300808D67 /* MapKitViewController.swift */; };
		D694983C1F9608E90012EC3C /* DetailViewController.swift in Sources */ = {isa = PBXBuildFile; fileRef = D694983B1F9608E90012EC3C /* DetailViewController.swift */; };
/* End PBXBuildFile section */

/* Begin PBXContainerItemProxy section */
		D613F8D51F95DE0A00049EAF /* PBXContainerItemProxy */ = {
			isa = PBXContainerItemProxy;
			containerPortal = D613F8B81F95DE0A00049EAF /* Project object */;
			proxyType = 1;
			remoteGlobalIDString = D613F8BF1F95DE0A00049EAF;
			remoteInfo = TableWisata;
		};
		D613F8E01F95DE0A00049EAF /* PBXContainerItemProxy */ = {
			isa = PBXContainerItemProxy;
			containerPortal = D613F8B81F95DE0A00049EAF /* Project object */;
			proxyType = 1;
			remoteGlobalIDString = D613F8BF1F95DE0A00049EAF;
			remoteInfo = TableWisata;
		};
/* End PBXContainerItemProxy section */

/* Begin PBXFileReference section */
		D613F8C01F95DE0A00049EAF /* TableWisata.app */ = {isa = PBXFileReference; explicitFileType = wrapper.application; includeInIndex = 0; path = TableWisata.app; sourceTree = BUILT_PRODUCTS_DIR; };
		D613F8C31F95DE0A00049EAF /* AppDelegate.swift */ = {isa = PBXFileReference; lastKnownFileType = sourcecode.swift; path = AppDelegate.swift; sourceTree = "<group>"; };
		D613F8C51F95DE0A00049EAF /* ViewController.swift */ = {isa = PBXFileReference; lastKnownFileType = sourcecode.swift; path = ViewController.swift; sourceTree = "<group>"; };
		D613F8C81F95DE0A00049EAF /* Base */ = {isa = PBXFileReference; lastKnownFileType = file.storyboard; name = Base; path = Base.lproj/Main.storyboard; sourceTree = "<group>"; };
		D613F8CA1F95DE0A00049EAF /* Assets.xcassets */ = {isa = PBXFileReference; lastKnownFileType = folder.assetcatalog; path = Assets.xcassets; sourceTree = "<group>"; };
		D613F8CD1F95DE0A00049EAF /* Base */ = {isa = PBXFileReference; lastKnownFileType = file.storyboard; name = Base; path = Base.lproj/LaunchScreen.storyboard; sourceTree = "<group>"; };
		D613F8CF1F95DE0A00049EAF /* Info.plist */ = {isa = PBXFileReference; lastKnownFileType = text.plist.xml; path = Info.plist; sourceTree = "<group>"; };
		D613F8D41F95DE0A00049EAF /* TableWisataTests.xctest */ = {isa = PBXFileReference; explicitFileType = wrapper.cfbundle; includeInIndex = 0; path = TableWisataTests.xctest; sourceTree = BUILT_PRODUCTS_DIR; };
		D613F8D81F95DE0A00049EAF /* TableWisataTests.swift */ = {isa = PBXFileReference; lastKnownFileType = sourcecode.swift; path = TableWisataTests.swift; sourceTree = "<group>"; };
		D613F8DA1F95DE0A00049EAF /* Info.plist */ = {isa = PBXFileReference; lastKnownFileType = text.plist.xml; path = Info.plist; sourceTree = "<group>"; };
		D613F8DF1F95DE0A00049EAF /* TableWisataUITests.xctest */ = {isa = PBXFileReference; explicitFileType = wrapper.cfbundle; includeInIndex = 0; path = TableWisataUITests.xctest; sourceTree = BUILT_PRODUCTS_DIR; };
		D613F8E31F95DE0A00049EAF /* TableWisataUITests.swift */ = {isa = PBXFileReference; lastKnownFileType = sourcecode.swift; path = TableWisataUITests.swift; sourceTree = "<group>"; };
		D613F8E51F95DE0A00049EAF /* Info.plist */ = {isa = PBXFileReference; lastKnownFileType = text.plist.xml; path = Info.plist; sourceTree = "<group>"; };
		D650E7B71F95DF4700808D67 /* TableViewController.swift */ = {isa = PBXFileReference; lastKnownFileType = sourcecode.swift; path = TableViewController.swift; sourceTree = "<group>"; };
		D650E7B91F95EEC300808D67 /* MapKitViewController.swift */ = {isa = PBXFileReference; lastKnownFileType = sourcecode.swift; path = MapKitViewController.swift; sourceTree = "<group>"; };
		D694983B1F9608E90012EC3C /* DetailViewController.swift */ = {isa = PBXFileReference; lastKnownFileType = sourcecode.swift; path = DetailViewController.swift; sourceTree = "<group>"; };
/* End PBXFileReference section */

/* Begin PBXFrameworksBuildPhase section */
		D613F8BD1F95DE0A00049EAF /* Frameworks */ = {
			isa = PBXFrameworksBuildPhase;
			buildActionMask = 2147483647;
			files = (
			);
			runOnlyForDeploymentPostprocessing = 0;
		};
		D613F8D11F95DE0A00049EAF /* Frameworks */ = {
			isa = PBXFrameworksBuildPhase;
			buildActionMask = 2147483647;
			files = (
			);
			runOnlyForDeploymentPostprocessing = 0;
		};
		D613F8DC1F95DE0A00049EAF /* Frameworks */ = {
			isa = PBXFrameworksBuildPhase;
			buildActionMask = 2147483647;
			files = (
			);
			runOnlyForDeploymentPostprocessing = 0;
		};
/* End PBXFrameworksBuildPhase section */

/* Begin PBXGroup section */
		D613F8B71F95DE0A00049EAF = {
			isa = PBXGroup;
			children = (
				D613F8C21F95DE0A00049EAF /* TableWisata */,
				D613F8D71F95DE0A00049EAF /* TableWisataTests */,
				D613F8E21F95DE0A00049EAF /* TableWisataUITests */,
				D613F8C11F95DE0A00049EAF /* Products */,
			);
			sourceTree = "<group>";
		};
		D613F8C11F95DE0A00049EAF /* Products */ = {
			isa = PBXGroup;
			children = (
				D613F8C01F95DE0A00049EAF /* TableWisata.app */,
				D613F8D41F95DE0A00049EAF /* TableWisataTests.xctest */,
				D613F8DF1F95DE0A00049EAF /* TableWisataUITests.xctest */,
			);
			name = Products;
			sourceTree = "<group>";
		};
		D613F8C21F95DE0A00049EAF /* TableWisata */ = {
			isa = PBXGroup;
			children = (
				D613F8C31F95DE0A00049EAF /* AppDelegate.swift */,
				D613F8C51F95DE0A00049EAF /* ViewController.swift */,
				D613F8C71F95DE0A00049EAF /* Main.storyboard */,
				D613F8CA1F95DE0A00049EAF /* Assets.xcassets */,
				D613F8CC1F95DE0A00049EAF /* LaunchScreen.storyboard */,
				D694983B1F9608E90012EC3C /* DetailViewController.swift */,
				D650E7B91F95EEC300808D67 /* MapKitViewController.swift */,
				D650E7B71F95DF4700808D67 /* TableViewController.swift */,
				D613F8CF1F95DE0A00049EAF /* Info.plist */,
			);
			path = TableWisata;
			sourceTree = "<group>";
		};
		D613F8D71F95DE0A00049EAF /* TableWisataTests */ = {
			isa = PBXGroup;
			children = (
				D613F8D81F95DE0A00049EAF /* TableWisataTests.swift */,
				D613F8DA1F95DE0A00049EAF /* Info.plist */,
			);
			path = TableWisataTests;
			sourceTree = "<group>";
		};
		D613F8E21F95DE0A00049EAF /* TableWisataUITests */ = {
			isa = PBXGroup;
			children = (
				D613F8E31F95DE0A00049EAF /* TableWisataUITests.swift */,
				D613F8E51F95DE0A00049EAF /* Info.plist */,
			);
			path = TableWisataUITests;
			sourceTree = "<group>";
		};
/* End PBXGroup section */

/* Begin PBXNativeTarget section */
		D613F8BF1F95DE0A00049EAF /* TableWisata */ = {
			isa = PBXNativeTarget;
			buildConfigurationList = D613F8E81F95DE0A00049EAF /* Build configuration list for PBXNativeTarget "TableWisata" */;
			buildPhases = (
				D613F8BC1F95DE0A00049EAF /* Sources */,
				D613F8BD1F95DE0A00049EAF /* Frameworks */,
				D613F8BE1F95DE0A00049EAF /* Resources */,
			);
			buildRules = (
			);
			dependencies = (
			);
			name = TableWisata;
			productName = TableWisata;
			productReference = D613F8C01F95DE0A00049EAF /* TableWisata.app */;
			productType = "com.apple.product-type.application";
		};
		D613F8D31F95DE0A00049EAF /* TableWisataTests */ = {
			isa = PBXNativeTarget;
			buildConfigurationList = D613F8EB1F95DE0A00049EAF /* Build configuration list for PBXNativeTarget "TableWisataTests" */;
			buildPhases = (
				D613F8D01F95DE0A00049EAF /* Sources */,
				D613F8D11F95DE0A00049EAF /* Frameworks */,
				D613F8D21F95DE0A00049EAF /* Resources */,
			);
			buildRules = (
			);
			dependencies = (
				D613F8D61F95DE0A00049EAF /* PBXTargetDependency */,
			);
			name = TableWisataTests;
			productName = TableWisataTests;
			productReference = D613F8D41F95DE0A00049EAF /* TableWisataTests.xctest */;
			productType = "com.apple.product-type.bundle.unit-test";
		};
		D613F8DE1F95DE0A00049EAF /* TableWisataUITests */ = {
			isa = PBXNativeTarget;
			buildConfigurationList = D613F8EE1F95DE0A00049EAF /* Build configuration list for PBXNativeTarget "TableWisataUITests" */;
			buildPhases = (
				D613F8DB1F95DE0A00049EAF /* Sources */,
				D613F8DC1F95DE0A00049EAF /* Frameworks */,
				D613F8DD1F95DE0A00049EAF /* Resources */,
			);
			buildRules = (
			);
			dependencies = (
				D613F8E11F95DE0A00049EAF /* PBXTargetDependency */,
			);
			name = TableWisataUITests;
			productName = TableWisataUITests;
			productReference = D613F8DF1F95DE0A00049EAF /* TableWisataUITests.xctest */;
			productType = "com.apple.product-type.bundle.ui-testing";
		};
/* End PBXNativeTarget section */

/* Begin PBXProject section */
		D613F8B81F95DE0A00049EAF /* Project object */ = {
			isa = PBXProject;
			attributes = {
				LastSwiftUpdateCheck = 0900;
				LastUpgradeCheck = 0900;
				ORGANIZATIONNAME = "Be Dev";
				TargetAttributes = {
					D613F8BF1F95DE0A00049EAF = {
						CreatedOnToolsVersion = 9.0;
						ProvisioningStyle = Automatic;
					};
					D613F8D31F95DE0A00049EAF = {
						CreatedOnToolsVersion = 9.0;
						ProvisioningStyle = Automatic;
						TestTargetID = D613F8BF1F95DE0A00049EAF;
					};
					D613F8DE1F95DE0A00049EAF = {
						CreatedOnToolsVersion = 9.0;
						ProvisioningStyle = Automatic;
						TestTargetID = D613F8BF1F95DE0A00049EAF;
					};
				};
			};
			buildConfigurationList = D613F8BB1F95DE0A00049EAF /* Build configuration list for PBXProject "TableWisata" */;
			compatibilityVersion = "Xcode 8.0";
			developmentRegion = en;
			hasScannedForEncodings = 0;
			knownRegions = (
				en,
				Base,
			);
			mainGroup = D613F8B71F95DE0A00049EAF;
			productRefGroup = D613F8C11F95DE0A00049EAF /* Products */;
			projectDirPath = "";
			projectRoot = "";
			targets = (
				D613F8BF1F95DE0A00049EAF /* TableWisata */,
				D613F8D31F95DE0A00049EAF /* TableWisataTests */,
				D613F8DE1F95DE0A00049EAF /* TableWisataUITests */,
			);
		};
/* End PBXProject section */

/* Begin PBXResourcesBuildPhase section */
		D613F8BE1F95DE0A00049EAF /* Resources */ = {
			isa = PBXResourcesBuildPhase;
			buildActionMask = 2147483647;
			files = (
				D613F8CE1F95DE0A00049EAF /* LaunchScreen.storyboard in Resources */,
				D613F8CB1F95DE0A00049EAF /* Assets.xcassets in Resources */,
				D613F8C91F95DE0A00049EAF /* Main.storyboard in Resources */,
			);
			runOnlyForDeploymentPostprocessing = 0;
		};
		D613F8D21F95DE0A00049EAF /* Resources */ = {
			isa = PBXResourcesBuildPhase;
			buildActionMask = 2147483647;
			files = (
			);
			runOnlyForDeploymentPostprocessing = 0;
		};
		D613F8DD1F95DE0A00049EAF /* Resources */ = {
			isa = PBXResourcesBuildPhase;
			buildActionMask = 2147483647;
			files = (
			);
			runOnlyForDeploymentPostprocessing = 0;
		};
/* End PBXResourcesBuildPhase section */

/* Begin PBXSourcesBuildPhase section */
		D613F8BC1F95DE0A00049EAF /* Sources */ = {
			isa = PBXSourcesBuildPhase;
			buildActionMask = 2147483647;
			files = (
				D613F8C61F95DE0A00049EAF /* ViewController.swift in Sources */,
				D650E7B81F95DF4700808D67 /* TableViewController.swift in Sources */,
				D694983C1F9608E90012EC3C /* DetailViewController.swift in Sources */,
				D650E7BA1F95EEC300808D67 /* MapKitViewController.swift in Sources */,
				D613F8C41F95DE0A00049EAF /* AppDelegate.swift in Sources */,
			);
			runOnlyForDeploymentPostprocessing = 0;
		};
		D613F8D01F95DE0A00049EAF /* Sources */ = {
			isa = PBXSourcesBuildPhase;
			buildActionMask = 2147483647;
			files = (
				D613F8D91F95DE0A00049EAF /* TableWisataTests.swift in Sources */,
			);
			runOnlyForDeploymentPostprocessing = 0;
		};
		D613F8DB1F95DE0A00049EAF /* Sources */ = {
			isa = PBXSourcesBuildPhase;
			buildActionMask = 2147483647;
			files = (
				D613F8E41F95DE0A00049EAF /* TableWisataUITests.swift in Sources */,
			);
			runOnlyForDeploymentPostprocessing = 0;
		};
/* End PBXSourcesBuildPhase section */

/* Begin PBXTargetDependency section */
		D613F8D61F95DE0A00049EAF /* PBXTargetDependency */ = {
			isa = PBXTargetDependency;
			target = D613F8BF1F95DE0A00049EAF /* TableWisata */;
			targetProxy = D613F8D51F95DE0A00049EAF /* PBXContainerItemProxy */;
		};
		D613F8E11F95DE0A00049EAF /* PBXTargetDependency */ = {
			isa = PBXTargetDependency;
			target = D613F8BF1F95DE0A00049EAF /* TableWisata */;
			targetProxy = D613F8E01F95DE0A00049EAF /* PBXContainerItemProxy */;
		};
/* End PBXTargetDependency section */

/* Begin PBXVariantGroup section */
		D613F8C71F95DE0A00049EAF /* Main.storyboard */ = {
			isa = PBXVariantGroup;
			children = (
				D613F8C81F95DE0A00049EAF /* Base */,
			);
			name = Main.storyboard;
			sourceTree = "<group>";
		};
		D613F8CC1F95DE0A00049EAF /* LaunchScreen.storyboard */ = {
			isa = PBXVariantGroup;
			children = (
				D613F8CD1F95DE0A00049EAF /* Base */,
			);
			name = LaunchScreen.storyboard;
			sourceTree = "<group>";
		};
/* End PBXVariantGroup section */

/* Begin XCBuildConfiguration section */
		D613F8E61F95DE0A00049EAF /* Debug */ = {
			isa = XCBuildConfiguration;
			buildSettings = {
				ALWAYS_SEARCH_USER_PATHS = NO;
				CLANG_ANALYZER_NONNULL = YES;
				CLANG_ANALYZER_NUMBER_OBJECT_CONVERSION = YES_AGGRESSIVE;
				CLANG_CXX_LANGUAGE_STANDARD = "gnu++14";
				CLANG_CXX_LIBRARY = "libc++";
				CLANG_ENABLE_MODULES = YES;
				CLANG_ENABLE_OBJC_ARC = YES;
				CLANG_WARN_BLOCK_CAPTURE_AUTORELEASING = YES;
				CLANG_WARN_BOOL_CONVERSION = YES;
				CLANG_WARN_COMMA = YES;
				CLANG_WARN_CONSTANT_CONVERSION = YES;
				CLANG_WARN_DIRECT_OBJC_ISA_USAGE = YES_ERROR;
				CLANG_WARN_DOCUMENTATION_COMMENTS = YES;
				CLANG_WARN_EMPTY_BODY = YES;
				CLANG_WARN_ENUM_CONVERSION = YES;
				CLANG_WARN_INFINITE_RECURSION = YES;
				CLANG_WARN_INT_CONVERSION = YES;
				CLANG_WARN_NON_LITERAL_NULL_CONVERSION = YES;
				CLANG_WARN_OBJC_LITERAL_CONVERSION = YES;
				CLANG_WARN_OBJC_ROOT_CLASS = YES_ERROR;
				CLANG_WARN_RANGE_LOOP_ANALYSIS = YES;
				CLANG_WARN_STRICT_PROTOTYPES = YES;
				CLANG_WARN_SUSPICIOUS_MOVE = YES;
				CLANG_WARN_UNGUARDED_AVAILABILITY = YES_AGGRESSIVE;
				CLANG_WARN_UNREACHABLE_CODE = YES;
				CLANG_WARN__DUPLICATE_METHOD_MATCH = YES;
				CODE_SIGN_IDENTITY = "iPhone Developer";
				COPY_PHASE_STRIP = NO;
				DEBUG_INFORMATION_FORMAT = dwarf;
				ENABLE_STRICT_OBJC_MSGSEND = YES;
				ENABLE_TESTABILITY = YES;
				GCC_C_LANGUAGE_STANDARD = gnu11;
				GCC_DYNAMIC_NO_PIC = NO;
				GCC_NO_COMMON_BLOCKS = YES;
				GCC_OPTIMIZATION_LEVEL = 0;
				GCC_PREPROCESSOR_DEFINITIONS = (
					"DEBUG=1",
					"$(inherited)",
				);
				GCC_WARN_64_TO_32_BIT_CONVERSION = YES;
				GCC_WARN_ABOUT_RETURN_TYPE = YES_ERROR;
				GCC_WARN_UNDECLARED_SELECTOR = YES;
				GCC_WARN_UNINITIALIZED_AUTOS = YES_AGGRESSIVE;
				GCC_WARN_UNUSED_FUNCTION = YES;
				GCC_WARN_UNUSED_VARIABLE = YES;
				IPHONEOS_DEPLOYMENT_TARGET = 11.0;
				MTL_ENABLE_DEBUG_INFO = YES;
				ONLY_ACTIVE_ARCH = YES;
				SDKROOT = iphoneos;
				SWIFT_ACTIVE_COMPILATION_CONDITIONS = DEBUG;
				SWIFT_OPTIMIZATION_LEVEL = "-Onone";
			};
			name = Debug;
		};
		D613F8E71F95DE0A00049EAF /* Release */ = {
			isa = XCBuildConfiguration;
			buildSettings = {
				ALWAYS_SEARCH_USER_PATHS = NO;
				CLANG_ANALYZER_NONNULL = YES;
				CLANG_ANALYZER_NUMBER_OBJECT_CONVERSION = YES_AGGRESSIVE;
				CLANG_CXX_LANGUAGE_STANDARD = "gnu++14";
				CLANG_CXX_LIBRARY = "libc++";
				CLANG_ENABLE_MODULES = YES;
				CLANG_ENABLE_OBJC_ARC = YES;
				CLANG_WARN_BLOCK_CAPTURE_AUTORELEASING = YES;
				CLANG_WARN_BOOL_CONVERSION = YES;
				CLANG_WARN_COMMA = YES;
				CLANG_WARN_CONSTANT_CONVERSION = YES;
				CLANG_WARN_DIRECT_OBJC_ISA_USAGE = YES_ERROR;
				CLANG_WARN_DOCUMENTATION_COMMENTS = YES;
				CLANG_WARN_EMPTY_BODY = YES;
				CLANG_WARN_ENUM_CONVERSION = YES;
				CLANG_WARN_INFINITE_RECURSION = YES;
				CLANG_WARN_INT_CONVERSION = YES;
				CLANG_WARN_NON_LITERAL_NULL_CONVERSION = YES;
				CLANG_WARN_OBJC_LITERAL_CONVERSION = YES;
				CLANG_WARN_OBJC_ROOT_CLASS = YES_ERROR;
				CLANG_WARN_RANGE_LOOP_ANALYSIS = YES;
				CLANG_WARN_STRICT_PROTOTYPES = YES;
				CLANG_WARN_SUSPICIOUS_MOVE = YES;
				CLANG_WARN_UNGUARDED_AVAILABILITY = YES_AGGRESSIVE;
				CLANG_WARN_UNREACHABLE_CODE = YES;
				CLANG_WARN__DUPLICATE_METHOD_MATCH = YES;
				CODE_SIGN_IDENTITY = "iPhone Developer";
				COPY_PHASE_STRIP = NO;
				DEBUG_INFORMATION_FORMAT = "dwarf-with-dsym";
				ENABLE_NS_ASSERTIONS = NO;
				ENABLE_STRICT_OBJC_MSGSEND = YES;
				GCC_C_LANGUAGE_STANDARD = gnu11;
				GCC_NO_COMMON_BLOCKS = YES;
				GCC_WARN_64_TO_32_BIT_CONVERSION = YES;
				GCC_WARN_ABOUT_RETURN_TYPE = YES_ERROR;
				GCC_WARN_UNDECLARED_SELECTOR = YES;
				GCC_WARN_UNINITIALIZED_AUTOS = YES_AGGRESSIVE;
				GCC_WARN_UNUSED_FUNCTION = YES;
				GCC_WARN_UNUSED_VARIABLE = YES;
				IPHONEOS_DEPLOYMENT_TARGET = 11.0;
				MTL_ENABLE_DEBUG_INFO = NO;
				SDKROOT = iphoneos;
				SWIFT_OPTIMIZATION_LEVEL = "-Owholemodule";
				VALIDATE_PRODUCT = YES;
			};
			name = Release;
		};
		D613F8E91F95DE0A00049EAF /* Debug */ = {
			isa = XCBuildConfiguration;
			buildSettings = {
				ASSETCATALOG_COMPILER_APPICON_NAME = AppIcon;
				CODE_SIGN_STYLE = Automatic;
				INFOPLIST_FILE = TableWisata/Info.plist;
				LD_RUNPATH_SEARCH_PATHS = "$(inherited) @executable_path/Frameworks";
				PRODUCT_BUNDLE_IDENTIFIER = "Unique-Developers.TableWisata";
				PRODUCT_NAME = "$(TARGET_NAME)";
				SWIFT_VERSION = 4.0;
				TARGETED_DEVICE_FAMILY = "1,2";
			};
			name = Debug;
		};
		D613F8EA1F95DE0A00049EAF /* Release */ = {
			isa = XCBuildConfiguration;
			buildSettings = {
				ASSETCATALOG_COMPILER_APPICON_NAME = AppIcon;
				CODE_SIGN_STYLE = Automatic;
				INFOPLIST_FILE = TableWisata/Info.plist;
				LD_RUNPATH_SEARCH_PATHS = "$(inherited) @executable_path/Frameworks";
				PRODUCT_BUNDLE_IDENTIFIER = "Unique-Developers.TableWisata";
				PRODUCT_NAME = "$(TARGET_NAME)";
				SWIFT_VERSION = 4.0;
				TARGETED_DEVICE_FAMILY = "1,2";
			};
			name = Release;
		};
		D613F8EC1F95DE0A00049EAF /* Debug */ = {
			isa = XCBuildConfiguration;
			buildSettings = {
				ALWAYS_EMBED_SWIFT_STANDARD_LIBRARIES = YES;
				BUNDLE_LOADER = "$(TEST_HOST)";
				CODE_SIGN_STYLE = Automatic;
				INFOPLIST_FILE = TableWisataTests/Info.plist;
				LD_RUNPATH_SEARCH_PATHS = "$(inherited) @executable_path/Frameworks @loader_path/Frameworks";
				PRODUCT_BUNDLE_IDENTIFIER = "Unique-Developers.TableWisataTests";
				PRODUCT_NAME = "$(TARGET_NAME)";
				SWIFT_VERSION = 4.0;
				TARGETED_DEVICE_FAMILY = "1,2";
				TEST_HOST = "$(BUILT_PRODUCTS_DIR)/TableWisata.app/TableWisata";
			};
			name = Debug;
		};
		D613F8ED1F95DE0A00049EAF /* Release */ = {
			isa = XCBuildConfiguration;
			buildSettings = {
				ALWAYS_EMBED_SWIFT_STANDARD_LIBRARIES = YES;
				BUNDLE_LOADER = "$(TEST_HOST)";
				CODE_SIGN_STYLE = Automatic;
				INFOPLIST_FILE = TableWisataTests/Info.plist;
				LD_RUNPATH_SEARCH_PATHS = "$(inherited) @executable_path/Frameworks @loader_path/Frameworks";
				PRODUCT_BUNDLE_IDENTIFIER = "Unique-Developers.TableWisataTests";
				PRODUCT_NAME = "$(TARGET_NAME)";
				SWIFT_VERSION = 4.0;
				TARGETED_DEVICE_FAMILY = "1,2";
				TEST_HOST = "$(BUILT_PRODUCTS_DIR)/TableWisata.app/TableWisata";
			};
			name = Release;
		};
		D613F8EF1F95DE0A00049EAF /* Debug */ = {
			isa = XCBuildConfiguration;
			buildSettings = {
				ALWAYS_EMBED_SWIFT_STANDARD_LIBRARIES = YES;
				CODE_SIGN_STYLE = Automatic;
				INFOPLIST_FILE = TableWisataUITests/Info.plist;
				LD_RUNPATH_SEARCH_PATHS = "$(inherited) @executable_path/Frameworks @loader_path/Frameworks";
				PRODUCT_BUNDLE_IDENTIFIER = "Unique-Developers.TableWisataUITests";
				PRODUCT_NAME = "$(TARGET_NAME)";
				SWIFT_VERSION = 4.0;
				TARGETED_DEVICE_FAMILY = "1,2";
				TEST_TARGET_NAME = TableWisata;
			};
			name = Debug;
		};
		D613F8F01F95DE0A00049EAF /* Release */ = {
			isa = XCBuildConfiguration;
			buildSettings = {
				ALWAYS_EMBED_SWIFT_STANDARD_LIBRARIES = YES;
				CODE_SIGN_STYLE = Automatic;
				INFOPLIST_FILE = TableWisataUITests/Info.plist;
				LD_RUNPATH_SEARCH_PATHS = "$(inherited) @executable_path/Frameworks @loader_path/Frameworks";
				PRODUCT_BUNDLE_IDENTIFIER = "Unique-Developers.TableWisataUITests";
				PRODUCT_NAME = "$(TARGET_NAME)";
				SWIFT_VERSION = 4.0;
				TARGETED_DEVICE_FAMILY = "1,2";
				TEST_TARGET_NAME = TableWisata;
			};
			name = Release;
		};
/* End XCBuildConfiguration section */

/* Begin XCConfigurationList section */
		D613F8BB1F95DE0A00049EAF /* Build configuration list for PBXProject "TableWisata" */ = {
			isa = XCConfigurationList;
			buildConfigurations = (
				D613F8E61F95DE0A00049EAF /* Debug */,
				D613F8E71F95DE0A00049EAF /* Release */,
			);
			defaultConfigurationIsVisible = 0;
			defaultConfigurationName = Release;
		};
		D613F8E81F95DE0A00049EAF /* Build configuration list for PBXNativeTarget "TableWisata" */ = {
			isa = XCConfigurationList;
			buildConfigurations = (
				D613F8E91F95DE0A00049EAF /* Debug */,
				D613F8EA1F95DE0A00049EAF /* Release */,
			);
			defaultConfigurationIsVisible = 0;
			defaultConfigurationName = Release;
		};
		D613F8EB1F95DE0A00049EAF /* Build configuration list for PBXNativeTarget "TableWisataTests" */ = {
			isa = XCConfigurationList;
			buildConfigurations = (
				D613F8EC1F95DE0A00049EAF /* Debug */,
				D613F8ED1F95DE0A00049EAF /* Release */,
			);
			defaultConfigurationIsVisible = 0;
			defaultConfigurationName = Release;
		};
		D613F8EE1F95DE0A00049EAF /* Build configuration list for PBXNativeTarget "TableWisataUITests" */ = {
			isa = XCConfigurationList;
			buildConfigurations = (
				D613F8EF1F95DE0A00049EAF /* Debug */,
				D613F8F01F95DE0A00049EAF /* Release */,
			);
			defaultConfigurationIsVisible = 0;
			defaultConfigurationName = Release;
		};
/* End XCConfigurationList section */
	};
	rootObject = D613F8B81F95DE0A00049EAF /* Project object */;
}
